{
  "name": "NotesAppTypeScript",
  "lockfileVersion": 2,
  "requires": true,
  "packages": {
    "": {
      "devDependencies": {
        "@types/yargs": "^16.0.1"
      }
    },
    "node_modules/@types/yargs": {
      "version": "16.0.1",
      "resolved": "https://registry.npmjs.org/@types/yargs/-/yargs-16.0.1.tgz",
      "integrity": "sha512-x4HABGLyzr5hKUzBC9dvjciOTm11WVH1NWonNjGgxapnTHu5SWUqyqn0zQ6Re0yQU0lsQ6ztLCoMAKDGZflyxA==",
      "dev": true,
      "dependencies": {
        "@types/yargs-parser": "*"
      }
    },
    "node_modules/@types/yargs-parser": {
      "version": "20.2.0",
      "resolved": "https://registry.npmjs.org/@types/yargs-parser/-/yargs-parser-20.2.0.tgz",
      "integrity": "sha512-37RSHht+gzzgYeobbG+KWryeAW8J33Nhr69cjTqSYymXVZEN9NbRYWoYlRtDhHKPVT1FyNKwaTPC1NynKZpzRA==",
      "dev": true
    }
  },
  "dependencies": {
    "@types/yargs": {
      "version": "16.0.1",
      "resolved": "https://registry.npmjs.org/@types/yargs/-/yargs-16.0.1.tgz",
      "integrity": "sha512-x4HABGLyzr5hKUzBC9dvjciOTm11WVH1NWonNjGgxapnTHu5SWUqyqn0zQ6Re0yQU0lsQ6ztLCoMAKDGZflyxA==",
      "dev": true,
      "requires": {
        "@types/yargs-parser": "*"
      }
    },
    "@types/yargs-parser": {
      "version": "20.2.0",
      "resolved": "https://registry.npmjs.org/@types/yargs-parser/-/yargs-parser-20.2.0.tgz",
      "integrity": "sha512-37RSHht+gzzgYeobbG+KWryeAW8J33Nhr69cjTqSYymXVZEN9NbRYWoYlRtDhHKPVT1FyNKwaTPC1NynKZpzRA==",
      "dev": true
    }
  }
}
